
Microsoft Visual Studio Solution File, Format Version 12.00
# Visual Studio 15
VisualStudioVersion = 15.0.27130.2010
MinimumVisualStudioVersion = 10.0.40219.1
Project("{FAE04EC0-301F-11D3-BF4B-00C04F79EFBC}") = "ConsoleApp2", "ConsoleApp2\ConsoleApp2.csproj", "{FE5AF1C6-5593-4237-9030-BB4E459FD9E2}"
EndProject
Global
	GlobalSection(SolutionConfigurationPlatforms) = preSolution
		Debug|Any CPU = Debug|Any CPU
		Release|Any CPU = Release|Any CPU
	EndGlobalSection
	GlobalSection(ProjectConfigurationPlatforms) = postSolution
		{FE5AF1C6-5593-4237-9030-BB4E459FD9E2}.Debug|Any CPU.ActiveCfg = Debug|Any CPU
		{FE5AF1C6-5593-4237-9030-BB4E459FD9E2}.Debug|Any CPU.Build.0 = Debug|Any CPU
		{FE5AF1C6-5593-4237-9030-BB4E459FD9E2}.Release|Any CPU.ActiveCfg = Release|Any CPU
		{FE5AF1C6-5593-4237-9030-BB4E459FD9E2}.Release|Any CPU.Build.0 = Release|Any CPU
	EndGlobalSection
	GlobalSection(SolutionProperties) = preSolution
		HideSolutionNode = FALSE
	EndGlobalSection
	GlobalSection(ExtensibilityGlobals) = postSolution
		SolutionGuid = {837F2CCA-2AB1-46F6-B2D6-A55BDD9F34A7}
	EndGlobalSection
EndGlobal
