
Microsoft Visual Studio Solution File, Format Version 12.00
# Visual Studio 15
VisualStudioVersion = 15.0.27130.2010
MinimumVisualStudioVersion = 10.0.40219.1
Project("{FAE04EC0-301F-11D3-BF4B-00C04F79EFBC}") = "HackerRank", "HackerRank\HackerRank.csproj", "{95896EAC-4F33-447B-9270-9537CF863830}"
EndProject
Global
	GlobalSection(SolutionConfigurationPlatforms) = preSolution
		Debug|Any CPU = Debug|Any CPU
		Release|Any CPU = Release|Any CPU
	EndGlobalSection
	GlobalSection(ProjectConfigurationPlatforms) = postSolution
		{95896EAC-4F33-447B-9270-9537CF863830}.Debug|Any CPU.ActiveCfg = Debug|Any CPU
		{95896EAC-4F33-447B-9270-9537CF863830}.Debug|Any CPU.Build.0 = Debug|Any CPU
		{95896EAC-4F33-447B-9270-9537CF863830}.Release|Any CPU.ActiveCfg = Release|Any CPU
		{95896EAC-4F33-447B-9270-9537CF863830}.Release|Any CPU.Build.0 = Release|Any CPU
	EndGlobalSection
	GlobalSection(SolutionProperties) = preSolution
		HideSolutionNode = FALSE
	EndGlobalSection
	GlobalSection(ExtensibilityGlobals) = postSolution
		SolutionGuid = {E16803DC-0837-401C-8CC5-AF217C4EDAA1}
	EndGlobalSection
EndGlobal
