
Microsoft Visual Studio Solution File, Format Version 12.00
# Visual Studio 15
VisualStudioVersion = 15.0.27130.2010
MinimumVisualStudioVersion = 10.0.40219.1
Project("{FAE04EC0-301F-11D3-BF4B-00C04F79EFBC}") = "ContractorFraudDetectionHackerRank", "ContractorFraudDetectionHackerRank\ContractorFraudDetectionHackerRank.csproj", "{46E004D0-EE66-4F9E-8AA3-851BE8723CC3}"
EndProject
Global
	GlobalSection(SolutionConfigurationPlatforms) = preSolution
		Debug|Any CPU = Debug|Any CPU
		Release|Any CPU = Release|Any CPU
	EndGlobalSection
	GlobalSection(ProjectConfigurationPlatforms) = postSolution
		{46E004D0-EE66-4F9E-8AA3-851BE8723CC3}.Debug|Any CPU.ActiveCfg = Debug|Any CPU
		{46E004D0-EE66-4F9E-8AA3-851BE8723CC3}.Debug|Any CPU.Build.0 = Debug|Any CPU
		{46E004D0-EE66-4F9E-8AA3-851BE8723CC3}.Release|Any CPU.ActiveCfg = Release|Any CPU
		{46E004D0-EE66-4F9E-8AA3-851BE8723CC3}.Release|Any CPU.Build.0 = Release|Any CPU
	EndGlobalSection
	GlobalSection(SolutionProperties) = preSolution
		HideSolutionNode = FALSE
	EndGlobalSection
	GlobalSection(ExtensibilityGlobals) = postSolution
		SolutionGuid = {744FD907-39CF-465B-B4D4-CD99E9F9CBA4}
	EndGlobalSection
EndGlobal
